// !$*UTF8*$!
{
	archiveVersion = 1;
	classes = {
	};
	objectVersion = 50;
	objects = {

/* Begin PBXBuildFile section */
		8453BA1726D479F0003CD997 /* EsemkaWatch WatchKit App.app in Embed Watch Content */ = {isa = PBXBuildFile; fileRef = 8453BA1626D479F0003CD997 /* EsemkaWatch WatchKit App.app */; settings = {ATTRIBUTES = (RemoveHeadersOnCopy, ); }; };
		8453BA1D26D479F0003CD997 /* Interface.storyboard in Resources */ = {isa = PBXBuildFile; fileRef = 8453BA1B26D479F0003CD997 /* Interface.storyboard */; };
		8453BA1F26D479F1003CD997 /* Assets.xcassets in Resources */ = {isa = PBXBuildFile; fileRef = 8453BA1E26D479F1003CD997 /* Assets.xcassets */; };
		8453BA2626D479F1003CD997 /* EsemkaWatch WatchKit Extension.appex in Embed App Extensions */ = {isa = PBXBuildFile; fileRef = 8453BA2526D479F1003CD997 /* EsemkaWatch WatchKit Extension.appex */; settings = {ATTRIBUTES = (RemoveHeadersOnCopy, ); }; };
		8453BA2B26D479F1003CD997 /* InterfaceController.swift in Sources */ = {isa = PBXBuildFile; fileRef = 8453BA2A26D479F1003CD997 /* InterfaceController.swift */; };
		8453BA2D26D479F1003CD997 /* ExtensionDelegate.swift in Sources */ = {isa = PBXBuildFile; fileRef = 8453BA2C26D479F1003CD997 /* ExtensionDelegate.swift */; };
		8453BA2F26D479F1003CD997 /* NotificationController.swift in Sources */ = {isa = PBXBuildFile; fileRef = 8453BA2E26D479F1003CD997 /* NotificationController.swift */; };
		8453BA3126D479F1003CD997 /* ComplicationController.swift in Sources */ = {isa = PBXBuildFile; fileRef = 8453BA3026D479F1003CD997 /* ComplicationController.swift */; };
		8453BA3326D479F1003CD997 /* Assets.xcassets in Resources */ = {isa = PBXBuildFile; fileRef = 8453BA3226D479F1003CD997 /* Assets.xcassets */; };
/* End PBXBuildFile section */

/* Begin PBXContainerItemProxy section */
		8453BA1826D479F0003CD997 /* PBXContainerItemProxy */ = {
			isa = PBXContainerItemProxy;
			containerPortal = 8453BA0C26D479F0003CD997 /* Project object */;
			proxyType = 1;
			remoteGlobalIDString = 8453BA1526D479F0003CD997;
			remoteInfo = "EsemkaWatch WatchKit App";
		};
		8453BA2726D479F1003CD997 /* PBXContainerItemProxy */ = {
			isa = PBXContainerItemProxy;
			containerPortal = 8453BA0C26D479F0003CD997 /* Project object */;
			proxyType = 1;
			remoteGlobalIDString = 8453BA2426D479F1003CD997;
			remoteInfo = "EsemkaWatch WatchKit Extension";
		};
/* End PBXContainerItemProxy section */

/* Begin PBXCopyFilesBuildPhase section */
		8453BA3B26D479F1003CD997 /* Embed App Extensions */ = {
			isa = PBXCopyFilesBuildPhase;
			buildActionMask = 2147483647;
			dstPath = "";
			dstSubfolderSpec = 13;
			files = (
				8453BA2626D479F1003CD997 /* EsemkaWatch WatchKit Extension.appex in Embed App Extensions */,
			);
			name = "Embed App Extensions";
			runOnlyForDeploymentPostprocessing = 0;
		};
		8453BA3F26D479F1003CD997 /* Embed Watch Content */ = {
			isa = PBXCopyFilesBuildPhase;
			buildActionMask = 2147483647;
			dstPath = "$(CONTENTS_FOLDER_PATH)/Watch";
			dstSubfolderSpec = 16;
			files = (
				8453BA1726D479F0003CD997 /* EsemkaWatch WatchKit App.app in Embed Watch Content */,
			);
			name = "Embed Watch Content";
			runOnlyForDeploymentPostprocessing = 0;
		};
/* End PBXCopyFilesBuildPhase section */

/* Begin PBXFileReference section */
		8453BA1226D479F0003CD997 /* EsemkaWatch.app */ = {isa = PBXFileReference; explicitFileType = wrapper.application; includeInIndex = 0; path = EsemkaWatch.app; sourceTree = BUILT_PRODUCTS_DIR; };
		8453BA1626D479F0003CD997 /* EsemkaWatch WatchKit App.app */ = {isa = PBXFileReference; explicitFileType = wrapper.application; includeInIndex = 0; path = "EsemkaWatch WatchKit App.app"; sourceTree = BUILT_PRODUCTS_DIR; };
		8453BA1C26D479F0003CD997 /* Base */ = {isa = PBXFileReference; lastKnownFileType = file.storyboard; name = Base; path = Base.lproj/Interface.storyboard; sourceTree = "<group>"; };
		8453BA1E26D479F1003CD997 /* Assets.xcassets */ = {isa = PBXFileReference; lastKnownFileType = folder.assetcatalog; path = Assets.xcassets; sourceTree = "<group>"; };
		8453BA2026D479F1003CD997 /* Info.plist */ = {isa = PBXFileReference; lastKnownFileType = text.plist.xml; path = Info.plist; sourceTree = "<group>"; };
		8453BA2526D479F1003CD997 /* EsemkaWatch WatchKit Extension.appex */ = {isa = PBXFileReference; explicitFileType = "wrapper.app-extension"; includeInIndex = 0; path = "EsemkaWatch WatchKit Extension.appex"; sourceTree = BUILT_PRODUCTS_DIR; };
		8453BA2A26D479F1003CD997 /* InterfaceController.swift */ = {isa = PBXFileReference; lastKnownFileType = sourcecode.swift; path = InterfaceController.swift; sourceTree = "<group>"; };
		8453BA2C26D479F1003CD997 /* ExtensionDelegate.swift */ = {isa = PBXFileReference; lastKnownFileType = sourcecode.swift; path = ExtensionDelegate.swift; sourceTree = "<group>"; };
		8453BA2E26D479F1003CD997 /* NotificationController.swift */ = {isa = PBXFileReference; lastKnownFileType = sourcecode.swift; path = NotificationController.swift; sourceTree = "<group>"; };
		8453BA3026D479F1003CD997 /* ComplicationController.swift */ = {isa = PBXFileReference; lastKnownFileType = sourcecode.swift; path = ComplicationController.swift; sourceTree = "<group>"; };
		8453BA3226D479F1003CD997 /* Assets.xcassets */ = {isa = PBXFileReference; lastKnownFileType = folder.assetcatalog; path = Assets.xcassets; sourceTree = "<group>"; };
		8453BA3426D479F1003CD997 /* Info.plist */ = {isa = PBXFileReference; lastKnownFileType = text.plist.xml; path = Info.plist; sourceTree = "<group>"; };
		8453BA3526D479F1003CD997 /* PushNotificationPayload.apns */ = {isa = PBXFileReference; lastKnownFileType = text; path = PushNotificationPayload.apns; sourceTree = "<group>"; };
/* End PBXFileReference section */

/* Begin PBXFrameworksBuildPhase section */
		8453BA2226D479F1003CD997 /* Frameworks */ = {
			isa = PBXFrameworksBuildPhase;
			buildActionMask = 2147483647;
			files = (
			);
			runOnlyForDeploymentPostprocessing = 0;
		};
/* End PBXFrameworksBuildPhase section */

/* Begin PBXGroup section */
		8453BA0B26D479F0003CD997 = {
			isa = PBXGroup;
			children = (
				8453BA1A26D479F0003CD997 /* EsemkaWatch WatchKit App */,
				8453BA2926D479F1003CD997 /* EsemkaWatch WatchKit Extension */,
				8453BA1326D479F0003CD997 /* Products */,
			);
			sourceTree = "<group>";
		};
		8453BA1326D479F0003CD997 /* Products */ = {
			isa = PBXGroup;
			children = (
				8453BA1226D479F0003CD997 /* EsemkaWatch.app */,
				8453BA1626D479F0003CD997 /* EsemkaWatch WatchKit App.app */,
				8453BA2526D479F1003CD997 /* EsemkaWatch WatchKit Extension.appex */,
			);
			name = Products;
			sourceTree = "<group>";
		};
		8453BA1A26D479F0003CD997 /* EsemkaWatch WatchKit App */ = {
			isa = PBXGroup;
			children = (
				8453BA1B26D479F0003CD997 /* Interface.storyboard */,
				8453BA1E26D479F1003CD997 /* Assets.xcassets */,
				8453BA2026D479F1003CD997 /* Info.plist */,
			);
			path = "EsemkaWatch WatchKit App";
			sourceTree = "<group>";
		};
		8453BA2926D479F1003CD997 /* EsemkaWatch WatchKit Extension */ = {
			isa = PBXGroup;
			children = (
				8453BA2A26D479F1003CD997 /* InterfaceController.swift */,
				8453BA2C26D479F1003CD997 /* ExtensionDelegate.swift */,
				8453BA2E26D479F1003CD997 /* NotificationController.swift */,
				8453BA3026D479F1003CD997 /* ComplicationController.swift */,
				8453BA3226D479F1003CD997 /* Assets.xcassets */,
				8453BA3426D479F1003CD997 /* Info.plist */,
				8453BA3526D479F1003CD997 /* PushNotificationPayload.apns */,
			);
			path = "EsemkaWatch WatchKit Extension";
			sourceTree = "<group>";
		};
/* End PBXGroup section */

/* Begin PBXNativeTarget section */
		8453BA1126D479F0003CD997 /* EsemkaWatch */ = {
			isa = PBXNativeTarget;
			buildConfigurationList = 8453BA4026D479F1003CD997 /* Build configuration list for PBXNativeTarget "EsemkaWatch" */;
			buildPhases = (
				8453BA1026D479F0003CD997 /* Resources */,
				8453BA3F26D479F1003CD997 /* Embed Watch Content */,
			);
			buildRules = (
			);
			dependencies = (
				8453BA1926D479F0003CD997 /* PBXTargetDependency */,
			);
			name = EsemkaWatch;
			productName = EsemkaWatch;
			productReference = 8453BA1226D479F0003CD997 /* EsemkaWatch.app */;
			productType = "com.apple.product-type.application.watchapp2-container";
		};
		8453BA1526D479F0003CD997 /* EsemkaWatch WatchKit App */ = {
			isa = PBXNativeTarget;
			buildConfigurationList = 8453BA3C26D479F1003CD997 /* Build configuration list for PBXNativeTarget "EsemkaWatch WatchKit App" */;
			buildPhases = (
				8453BA1426D479F0003CD997 /* Resources */,
				8453BA3B26D479F1003CD997 /* Embed App Extensions */,
			);
			buildRules = (
			);
			dependencies = (
				8453BA2826D479F1003CD997 /* PBXTargetDependency */,
			);
			name = "EsemkaWatch WatchKit App";
			productName = "EsemkaWatch WatchKit App";
			productReference = 8453BA1626D479F0003CD997 /* EsemkaWatch WatchKit App.app */;
			productType = "com.apple.product-type.application.watchapp2";
		};
		8453BA2426D479F1003CD997 /* EsemkaWatch WatchKit Extension */ = {
			isa = PBXNativeTarget;
			buildConfigurationList = 8453BA3826D479F1003CD997 /* Build configuration list for PBXNativeTarget "EsemkaWatch WatchKit Extension" */;
			buildPhases = (
				8453BA2126D479F1003CD997 /* Sources */,
				8453BA2226D479F1003CD997 /* Frameworks */,
				8453BA2326D479F1003CD997 /* Resources */,
			);
			buildRules = (
			);
			dependencies = (
			);
			name = "EsemkaWatch WatchKit Extension";
			productName = "EsemkaWatch WatchKit Extension";
			productReference = 8453BA2526D479F1003CD997 /* EsemkaWatch WatchKit Extension.appex */;
			productType = "com.apple.product-type.watchkit2-extension";
		};
/* End PBXNativeTarget section */

/* Begin PBXProject section */
		8453BA0C26D479F0003CD997 /* Project object */ = {
			isa = PBXProject;
			attributes = {
				LastSwiftUpdateCheck = 1250;
				LastUpgradeCheck = 1250;
				TargetAttributes = {
					8453BA1126D479F0003CD997 = {
						CreatedOnToolsVersion = 12.5.1;
					};
					8453BA1526D479F0003CD997 = {
						CreatedOnToolsVersion = 12.5.1;
					};
					8453BA2426D479F1003CD997 = {
						CreatedOnToolsVersion = 12.5.1;
					};
				};
			};
			buildConfigurationList = 8453BA0F26D479F0003CD997 /* Build configuration list for PBXProject "EsemkaWatch" */;
			compatibilityVersion = "Xcode 9.3";
			developmentRegion = en;
			hasScannedForEncodings = 0;
			knownRegions = (
				en,
				Base,
			);
			mainGroup = 8453BA0B26D479F0003CD997;
			productRefGroup = 8453BA1326D479F0003CD997 /* Products */;
			projectDirPath = "";
			projectRoot = "";
			targets = (
				8453BA1126D479F0003CD997 /* EsemkaWatch */,
				8453BA1526D479F0003CD997 /* EsemkaWatch WatchKit App */,
				8453BA2426D479F1003CD997 /* EsemkaWatch WatchKit Extension */,
			);
		};
/* End PBXProject section */

/* Begin PBXResourcesBuildPhase section */
		8453BA1026D479F0003CD997 /* Resources */ = {
			isa = PBXResourcesBuildPhase;
			buildActionMask = 2147483647;
			files = (
			);
			runOnlyForDeploymentPostprocessing = 0;
		};
		8453BA1426D479F0003CD997 /* Resources */ = {
			isa = PBXResourcesBuildPhase;
			buildActionMask = 2147483647;
			files = (
				8453BA1F26D479F1003CD997 /* Assets.xcassets in Resources */,
				8453BA1D26D479F0003CD997 /* Interface.storyboard in Resources */,
			);
			runOnlyForDeploymentPostprocessing = 0;
		};
		8453BA2326D479F1003CD997 /* Resources */ = {
			isa = PBXResourcesBuildPhase;
			buildActionMask = 2147483647;
			files = (
				8453BA3326D479F1003CD997 /* Assets.xcassets in Resources */,
			);
			runOnlyForDeploymentPostprocessing = 0;
		};
/* End PBXResourcesBuildPhase section */

/* Begin PBXSourcesBuildPhase section */
		8453BA2126D479F1003CD997 /* Sources */ = {
			isa = PBXSourcesBuildPhase;
			buildActionMask = 2147483647;
			files = (
				8453BA2F26D479F1003CD997 /* NotificationController.swift in Sources */,
				8453BA3126D479F1003CD997 /* ComplicationController.swift in Sources */,
				8453BA2D26D479F1003CD997 /* ExtensionDelegate.swift in Sources */,
				8453BA2B26D479F1003CD997 /* InterfaceController.swift in Sources */,
			);
			runOnlyForDeploymentPostprocessing = 0;
		};
/* End PBXSourcesBuildPhase section */

/* Begin PBXTargetDependency section */
		8453BA1926D479F0003CD997 /* PBXTargetDependency */ = {
			isa = PBXTargetDependency;
			target = 8453BA1526D479F0003CD997 /* EsemkaWatch WatchKit App */;
			targetProxy = 8453BA1826D479F0003CD997 /* PBXContainerItemProxy */;
		};
		8453BA2826D479F1003CD997 /* PBXTargetDependency */ = {
			isa = PBXTargetDependency;
			target = 8453BA2426D479F1003CD997 /* EsemkaWatch WatchKit Extension */;
			targetProxy = 8453BA2726D479F1003CD997 /* PBXContainerItemProxy */;
		};
/* End PBXTargetDependency section */

/* Begin PBXVariantGroup section */
		8453BA1B26D479F0003CD997 /* Interface.storyboard */ = {
			isa = PBXVariantGroup;
			children = (
				8453BA1C26D479F0003CD997 /* Base */,
			);
			name = Interface.storyboard;
			sourceTree = "<group>";
		};
/* End PBXVariantGroup section */

/* Begin XCBuildConfiguration section */
		8453BA3626D479F1003CD997 /* Debug */ = {
			isa = XCBuildConfiguration;
			buildSettings = {
				ALWAYS_SEARCH_USER_PATHS = NO;
				CLANG_ANALYZER_NONNULL = YES;
				CLANG_ANALYZER_NUMBER_OBJECT_CONVERSION = YES_AGGRESSIVE;
				CLANG_CXX_LANGUAGE_STANDARD = "gnu++14";
				CLANG_CXX_LIBRARY = "libc++";
				CLANG_ENABLE_MODULES = YES;
				CLANG_ENABLE_OBJC_ARC = YES;
				CLANG_ENABLE_OBJC_WEAK = YES;
				CLANG_WARN_BLOCK_CAPTURE_AUTORELEASING = YES;
				CLANG_WARN_BOOL_CONVERSION = YES;
				CLANG_WARN_COMMA = YES;
				CLANG_WARN_CONSTANT_CONVERSION = YES;
				CLANG_WARN_DEPRECATED_OBJC_IMPLEMENTATIONS = YES;
				CLANG_WARN_DIRECT_OBJC_ISA_USAGE = YES_ERROR;
				CLANG_WARN_DOCUMENTATION_COMMENTS = YES;
				CLANG_WARN_EMPTY_BODY = YES;
				CLANG_WARN_ENUM_CONVERSION = YES;
				CLANG_WARN_INFINITE_RECURSION = YES;
				CLANG_WARN_INT_CONVERSION = YES;
				CLANG_WARN_NON_LITERAL_NULL_CONVERSION = YES;
				CLANG_WARN_OBJC_IMPLICIT_RETAIN_SELF = YES;
				CLANG_WARN_OBJC_LITERAL_CONVERSION = YES;
				CLANG_WARN_OBJC_ROOT_CLASS = YES_ERROR;
				CLANG_WARN_QUOTED_INCLUDE_IN_FRAMEWORK_HEADER = YES;
				CLANG_WARN_RANGE_LOOP_ANALYSIS = YES;
				CLANG_WARN_STRICT_PROTOTYPES = YES;
				CLANG_WARN_SUSPICIOUS_MOVE = YES;
				CLANG_WARN_UNGUARDED_AVAILABILITY = YES_AGGRESSIVE;
				CLANG_WARN_UNREACHABLE_CODE = YES;
				CLANG_WARN__DUPLICATE_METHOD_MATCH = YES;
				COPY_PHASE_STRIP = NO;
				DEBUG_INFORMATION_FORMAT = dwarf;
				ENABLE_STRICT_OBJC_MSGSEND = YES;
				ENABLE_TESTABILITY = YES;
				GCC_C_LANGUAGE_STANDARD = gnu11;
				GCC_DYNAMIC_NO_PIC = NO;
				GCC_NO_COMMON_BLOCKS = YES;
				GCC_OPTIMIZATION_LEVEL = 0;
				GCC_PREPROCESSOR_DEFINITIONS = (
					"DEBUG=1",
					"$(inherited)",
				);
				GCC_WARN_64_TO_32_BIT_CONVERSION = YES;
				GCC_WARN_ABOUT_RETURN_TYPE = YES_ERROR;
				GCC_WARN_UNDECLARED_SELECTOR = YES;
				GCC_WARN_UNINITIALIZED_AUTOS = YES_AGGRESSIVE;
				GCC_WARN_UNUSED_FUNCTION = YES;
				GCC_WARN_UNUSED_VARIABLE = YES;
				MTL_ENABLE_DEBUG_INFO = INCLUDE_SOURCE;
				MTL_FAST_MATH = YES;
				ONLY_ACTIVE_ARCH = YES;
				SDKROOT = iphoneos;
				SWIFT_ACTIVE_COMPILATION_CONDITIONS = DEBUG;
				SWIFT_OPTIMIZATION_LEVEL = "-Onone";
			};
			name = Debug;
		};
		8453BA3726D479F1003CD997 /* Release */ = {
			isa = XCBuildConfiguration;
			buildSettings = {
				ALWAYS_SEARCH_USER_PATHS = NO;
				CLANG_ANALYZER_NONNULL = YES;
				CLANG_ANALYZER_NUMBER_OBJECT_CONVERSION = YES_AGGRESSIVE;
				CLANG_CXX_LANGUAGE_STANDARD = "gnu++14";
				CLANG_CXX_LIBRARY = "libc++";
				CLANG_ENABLE_MODULES = YES;
				CLANG_ENABLE_OBJC_ARC = YES;
				CLANG_ENABLE_OBJC_WEAK = YES;
				CLANG_WARN_BLOCK_CAPTURE_AUTORELEASING = YES;
				CLANG_WARN_BOOL_CONVERSION = YES;
				CLANG_WARN_COMMA = YES;
				CLANG_WARN_CONSTANT_CONVERSION = YES;
				CLANG_WARN_DEPRECATED_OBJC_IMPLEMENTATIONS = YES;
				CLANG_WARN_DIRECT_OBJC_ISA_USAGE = YES_ERROR;
				CLANG_WARN_DOCUMENTATION_COMMENTS = YES;
				CLANG_WARN_EMPTY_BODY = YES;
				CLANG_WARN_ENUM_CONVERSION = YES;
				CLANG_WARN_INFINITE_RECURSION = YES;
				CLANG_WARN_INT_CONVERSION = YES;
				CLANG_WARN_NON_LITERAL_NULL_CONVERSION = YES;
				CLANG_WARN_OBJC_IMPLICIT_RETAIN_SELF = YES;
				CLANG_WARN_OBJC_LITERAL_CONVERSION = YES;
				CLANG_WARN_OBJC_ROOT_CLASS = YES_ERROR;
				CLANG_WARN_QUOTED_INCLUDE_IN_FRAMEWORK_HEADER = YES;
				CLANG_WARN_RANGE_LOOP_ANALYSIS = YES;
				CLANG_WARN_STRICT_PROTOTYPES = YES;
				CLANG_WARN_SUSPICIOUS_MOVE = YES;
				CLANG_WARN_UNGUARDED_AVAILABILITY = YES_AGGRESSIVE;
				CLANG_WARN_UNREACHABLE_CODE = YES;
				CLANG_WARN__DUPLICATE_METHOD_MATCH = YES;
				COPY_PHASE_STRIP = NO;
				DEBUG_INFORMATION_FORMAT = "dwarf-with-dsym";
				ENABLE_NS_ASSERTIONS = NO;
				ENABLE_STRICT_OBJC_MSGSEND = YES;
				GCC_C_LANGUAGE_STANDARD = gnu11;
				GCC_NO_COMMON_BLOCKS = YES;
				GCC_WARN_64_TO_32_BIT_CONVERSION = YES;
				GCC_WARN_ABOUT_RETURN_TYPE = YES_ERROR;
				GCC_WARN_UNDECLARED_SELECTOR = YES;
				GCC_WARN_UNINITIALIZED_AUTOS = YES_AGGRESSIVE;
				GCC_WARN_UNUSED_FUNCTION = YES;
				GCC_WARN_UNUSED_VARIABLE = YES;
				MTL_ENABLE_DEBUG_INFO = NO;
				MTL_FAST_MATH = YES;
				SDKROOT = iphoneos;
				SWIFT_COMPILATION_MODE = wholemodule;
				SWIFT_OPTIMIZATION_LEVEL = "-O";
				VALIDATE_PRODUCT = YES;
			};
			name = Release;
		};
		8453BA3926D479F1003CD997 /* Debug */ = {
			isa = XCBuildConfiguration;
			buildSettings = {
				ASSETCATALOG_COMPILER_COMPLICATION_NAME = Complication;
				CODE_SIGN_STYLE = Automatic;
				DEVELOPMENT_TEAM = 4VPAMPVXLJ;
				INFOPLIST_FILE = "EsemkaWatch WatchKit Extension/Info.plist";
				LD_RUNPATH_SEARCH_PATHS = (
					"$(inherited)",
					"@executable_path/Frameworks",
					"@executable_path/../../Frameworks",
				);
				PRODUCT_BUNDLE_IDENTIFIER = com.anyacreate.EsemkaWatch.watchkitapp.watchkitextension;
				PRODUCT_NAME = "${TARGET_NAME}";
				SDKROOT = watchos;
				SKIP_INSTALL = YES;
				SWIFT_VERSION = 5.0;
				TARGETED_DEVICE_FAMILY = 4;
				WATCHOS_DEPLOYMENT_TARGET = 7.4;
			};
			name = Debug;
		};
		8453BA3A26D479F1003CD997 /* Release */ = {
			isa = XCBuildConfiguration;
			buildSettings = {
				ASSETCATALOG_COMPILER_COMPLICATION_NAME = Complication;
				CODE_SIGN_STYLE = Automatic;
				DEVELOPMENT_TEAM = 4VPAMPVXLJ;
				INFOPLIST_FILE = "EsemkaWatch WatchKit Extension/Info.plist";
				LD_RUNPATH_SEARCH_PATHS = (
					"$(inherited)",
					"@executable_path/Frameworks",
					"@executable_path/../../Frameworks",
				);
				PRODUCT_BUNDLE_IDENTIFIER = com.anyacreate.EsemkaWatch.watchkitapp.watchkitextension;
				PRODUCT_NAME = "${TARGET_NAME}";
				SDKROOT = watchos;
				SKIP_INSTALL = YES;
				SWIFT_VERSION = 5.0;
				TARGETED_DEVICE_FAMILY = 4;
				WATCHOS_DEPLOYMENT_TARGET = 7.4;
			};
			name = Release;
		};
		8453BA3D26D479F1003CD997 /* Debug */ = {
			isa = XCBuildConfiguration;
			buildSettings = {
				ALWAYS_EMBED_SWIFT_STANDARD_LIBRARIES = YES;
				ASSETCATALOG_COMPILER_APPICON_NAME = AppIcon;
				ASSETCATALOG_COMPILER_GLOBAL_ACCENT_COLOR_NAME = AccentColor;
				CODE_SIGN_STYLE = Automatic;
				DEVELOPMENT_TEAM = 4VPAMPVXLJ;
				IBSC_MODULE = EsemkaWatch_WatchKit_Extension;
				INFOPLIST_FILE = "EsemkaWatch WatchKit App/Info.plist";
				PRODUCT_BUNDLE_IDENTIFIER = com.anyacreate.EsemkaWatch.watchkitapp;
				PRODUCT_NAME = "$(TARGET_NAME)";
				SDKROOT = watchos;
				SKIP_INSTALL = YES;
				SWIFT_VERSION = 5.0;
				TARGETED_DEVICE_FAMILY = 4;
				WATCHOS_DEPLOYMENT_TARGET = 7.4;
			};
			name = Debug;
		};
		8453BA3E26D479F1003CD997 /* Release */ = {
			isa = XCBuildConfiguration;
			buildSettings = {
				ALWAYS_EMBED_SWIFT_STANDARD_LIBRARIES = YES;
				ASSETCATALOG_COMPILER_APPICON_NAME = AppIcon;
				ASSETCATALOG_COMPILER_GLOBAL_ACCENT_COLOR_NAME = AccentColor;
				CODE_SIGN_STYLE = Automatic;
				DEVELOPMENT_TEAM = 4VPAMPVXLJ;
				IBSC_MODULE = EsemkaWatch_WatchKit_Extension;
				INFOPLIST_FILE = "EsemkaWatch WatchKit App/Info.plist";
				PRODUCT_BUNDLE_IDENTIFIER = com.anyacreate.EsemkaWatch.watchkitapp;
				PRODUCT_NAME = "$(TARGET_NAME)";
				SDKROOT = watchos;
				SKIP_INSTALL = YES;
				SWIFT_VERSION = 5.0;
				TARGETED_DEVICE_FAMILY = 4;
				WATCHOS_DEPLOYMENT_TARGET = 7.4;
			};
			name = Release;
		};
		8453BA4126D479F1003CD997 /* Debug */ = {
			isa = XCBuildConfiguration;
			buildSettings = {
				CODE_SIGN_STYLE = Automatic;
				CURRENT_PROJECT_VERSION = 1;
				DEVELOPMENT_TEAM = 4VPAMPVXLJ;
				MARKETING_VERSION = 1.0;
				PRODUCT_BUNDLE_IDENTIFIER = com.anyacreate.EsemkaWatch;
				PRODUCT_NAME = "$(TARGET_NAME)";
				SWIFT_VERSION = 5.0;
			};
			name = Debug;
		};
		8453BA4226D479F1003CD997 /* Release */ = {
			isa = XCBuildConfiguration;
			buildSettings = {
				CODE_SIGN_STYLE = Automatic;
				CURRENT_PROJECT_VERSION = 1;
				DEVELOPMENT_TEAM = 4VPAMPVXLJ;
				MARKETING_VERSION = 1.0;
				PRODUCT_BUNDLE_IDENTIFIER = com.anyacreate.EsemkaWatch;
				PRODUCT_NAME = "$(TARGET_NAME)";
				SWIFT_VERSION = 5.0;
			};
			name = Release;
		};
/* End XCBuildConfiguration section */

/* Begin XCConfigurationList section */
		8453BA0F26D479F0003CD997 /* Build configuration list for PBXProject "EsemkaWatch" */ = {
			isa = XCConfigurationList;
			buildConfigurations = (
				8453BA3626D479F1003CD997 /* Debug */,
				8453BA3726D479F1003CD997 /* Release */,
			);
			defaultConfigurationIsVisible = 0;
			defaultConfigurationName = Release;
		};
		8453BA3826D479F1003CD997 /* Build configuration list for PBXNativeTarget "EsemkaWatch WatchKit Extension" */ = {
			isa = XCConfigurationList;
			buildConfigurations = (
				8453BA3926D479F1003CD997 /* Debug */,
				8453BA3A26D479F1003CD997 /* Release */,
			);
			defaultConfigurationIsVisible = 0;
			defaultConfigurationName = Release;
		};
		8453BA3C26D479F1003CD997 /* Build configuration list for PBXNativeTarget "EsemkaWatch WatchKit App" */ = {
			isa = XCConfigurationList;
			buildConfigurations = (
				8453BA3D26D479F1003CD997 /* Debug */,
				8453BA3E26D479F1003CD997 /* Release */,
			);
			defaultConfigurationIsVisible = 0;
			defaultConfigurationName = Release;
		};
		8453BA4026D479F1003CD997 /* Build configuration list for PBXNativeTarget "EsemkaWatch" */ = {
			isa = XCConfigurationList;
			buildConfigurations = (
				8453BA4126D479F1003CD997 /* Debug */,
				8453BA4226D479F1003CD997 /* Release */,
			);
			defaultConfigurationIsVisible = 0;
			defaultConfigurationName = Release;
		};
/* End XCConfigurationList section */
	};
	rootObject = 8453BA0C26D479F0003CD997 /* Project object */;
}
